
Microsoft Visual Studio Solution File, Format Version 12.00
# Visual Studio Version 16
VisualStudioVersion = 16.0.32802.440
MinimumVisualStudioVersion = 10.0.40219.1
Project("{FAE04EC0-301F-11D3-BF4B-00C04F79EFBC}") = "ItemCounter", "ItemCounter.csproj", "{A135ECC0-A6F3-429D-A0A7-585C9407DDB3}"
EndProject
Global
	GlobalSection(SolutionConfigurationPlatforms) = preSolution
		Debug|Any CPU = Debug|Any CPU
		Release|Any CPU = Release|Any CPU
	EndGlobalSection
	GlobalSection(ProjectConfigurationPlatforms) = postSolution
		{A135ECC0-A6F3-429D-A0A7-585C9407DDB3}.Debug|Any CPU.ActiveCfg = Debug|Any CPU
		{A135ECC0-A6F3-429D-A0A7-585C9407DDB3}.Debug|Any CPU.Build.0 = Debug|Any CPU
		{A135ECC0-A6F3-429D-A0A7-585C9407DDB3}.Release|Any CPU.ActiveCfg = Release|Any CPU
		{A135ECC0-A6F3-429D-A0A7-585C9407DDB3}.Release|Any CPU.Build.0 = Release|Any CPU
	EndGlobalSection
	GlobalSection(SolutionProperties) = preSolution
		HideSolutionNode = FALSE
	EndGlobalSection
	GlobalSection(ExtensibilityGlobals) = postSolution
		SolutionGuid = {6EC7FE24-7E0E-4273-B60A-7802245353B5}
	EndGlobalSection
EndGlobal
